
Microsoft Visual Studio Solution File, Format Version 12.00
# Visual Studio 15
VisualStudioVersion = 15.0.34112.143
MinimumVisualStudioVersion = 10.0.40219.1
Project("{FAE04EC0-301F-11D3-BF4B-00C04F79EFBC}") = "StokManagmentSystem", "StokManagmentSystem\StokManagmentSystem.csproj", "{80F0ED93-BE52-402A-B3AB-67FCE039F980}"
EndProject
Global
	GlobalSection(SolutionConfigurationPlatforms) = preSolution
		Debug|Any CPU = Debug|Any CPU
		Release|Any CPU = Release|Any CPU
	EndGlobalSection
	GlobalSection(ProjectConfigurationPlatforms) = postSolution
		{80F0ED93-BE52-402A-B3AB-67FCE039F980}.Debug|Any CPU.ActiveCfg = Debug|Any CPU
		{80F0ED93-BE52-402A-B3AB-67FCE039F980}.Debug|Any CPU.Build.0 = Debug|Any CPU
		{80F0ED93-BE52-402A-B3AB-67FCE039F980}.Release|Any CPU.ActiveCfg = Release|Any CPU
		{80F0ED93-BE52-402A-B3AB-67FCE039F980}.Release|Any CPU.Build.0 = Release|Any CPU
	EndGlobalSection
	GlobalSection(SolutionProperties) = preSolution
		HideSolutionNode = FALSE
	EndGlobalSection
	GlobalSection(ExtensibilityGlobals) = postSolution
		SolutionGuid = {3FDCD52D-6B67-468B-8BEE-47D2F980CB07}
	EndGlobalSection
EndGlobal
